
Microsoft Visual Studio Solution File, Format Version 12.00
# Visual Studio Version 16
VisualStudioVersion = 16.0.30330.147
MinimumVisualStudioVersion = 10.0.40219.1
Project("{9A19103F-16F7-4668-BE54-9A1E7A4F7556}") = "NBCovidBot", "NBCovidBot\NBCovidBot.csproj", "{FBF49BB6-7BD6-4A05-B41A-5FF663560BB0}"
EndProject
Project("{2150E333-8FDC-42A3-9474-1A3956D46DE8}") = "Solution Items", "Solution Items", "{C790616C-BB40-42F0-90D3-911ECE65B4A9}"
	ProjectSection(SolutionItems) = preProject
		nbcovidbot.service = nbcovidbot.service
	EndProjectSection
EndProject
Global
	GlobalSection(SolutionConfigurationPlatforms) = preSolution
		Debug|Any CPU = Debug|Any CPU
		Release|Any CPU = Release|Any CPU
	EndGlobalSection
	GlobalSection(ProjectConfigurationPlatforms) = postSolution
		{FBF49BB6-7BD6-4A05-B41A-5FF663560BB0}.Debug|Any CPU.ActiveCfg = Debug|Any CPU
		{FBF49BB6-7BD6-4A05-B41A-5FF663560BB0}.Debug|Any CPU.Build.0 = Debug|Any CPU
		{FBF49BB6-7BD6-4A05-B41A-5FF663560BB0}.Release|Any CPU.ActiveCfg = Release|Any CPU
		{FBF49BB6-7BD6-4A05-B41A-5FF663560BB0}.Release|Any CPU.Build.0 = Release|Any CPU
	EndGlobalSection
	GlobalSection(SolutionProperties) = preSolution
		HideSolutionNode = FALSE
	EndGlobalSection
	GlobalSection(ExtensibilityGlobals) = postSolution
		SolutionGuid = {B720FC32-6B6D-46F5-B8E5-296566F49DDA}
	EndGlobalSection
EndGlobal
